
Microsoft Visual Studio Solution File, Format Version 12.00
# Visual Studio Version 16
VisualStudioVersion = 16.0.32901.82
MinimumVisualStudioVersion = 10.0.40219.1
Project("{FAE04EC0-301F-11D3-BF4B-00C04F79EFBC}") = "KnifeApp", "KnifeApp.csproj", "{F7583EC7-DD94-4D58-8869-3F1C562FFB65}"
EndProject
Global
	GlobalSection(SolutionConfigurationPlatforms) = preSolution
		Debug|Any CPU = Debug|Any CPU
		Release|Any CPU = Release|Any CPU
	EndGlobalSection
	GlobalSection(ProjectConfigurationPlatforms) = postSolution
		{F7583EC7-DD94-4D58-8869-3F1C562FFB65}.Debug|Any CPU.ActiveCfg = Debug|Any CPU
		{F7583EC7-DD94-4D58-8869-3F1C562FFB65}.Debug|Any CPU.Build.0 = Debug|Any CPU
		{F7583EC7-DD94-4D58-8869-3F1C562FFB65}.Release|Any CPU.ActiveCfg = Release|Any CPU
		{F7583EC7-DD94-4D58-8869-3F1C562FFB65}.Release|Any CPU.Build.0 = Release|Any CPU
	EndGlobalSection
	GlobalSection(SolutionProperties) = preSolution
		HideSolutionNode = FALSE
	EndGlobalSection
	GlobalSection(ExtensibilityGlobals) = postSolution
		SolutionGuid = {79E7EBE6-405E-44CD-AD0D-08CEF3B07176}
	EndGlobalSection
EndGlobal
